<?xml version="1.0" encoding="utf-8"?>
<Project ToolsVersion="4.0" xmlns="http://schemas.microsoft.com/developer/msbuild/2003">
  <ItemGroup>
    <ClCompile Include="Main.cpp" />
    <ClCompile Include="ComplexServer.cpp">
      <Filter>服务</Filter>
    </ClCompile>
    <ClCompile Include="GatewayForward.cpp">
      <Filter>服务\网关转发</Filter>
    </ClCompile>
    <ClCompile Include="PyGatewayForward.cpp">
      <Filter>服务\网关转发</Filter>
    </ClCompile>
    <ClCompile Include="Role.cpp">
      <Filter>服务\角色</Filter>
    </ClCompile>
    <ClCompile Include="SceneMgr.cpp">
      <Filter>服务\场景与地图</Filter>
    </ClCompile>
    <ClCompile Include="PyComplexServer.cpp">
      <Filter>服务</Filter>
    </ClCompile>
    <ClCompile Include="Area.cpp">
      <Filter>服务\场景与地图\地图相关</Filter>
    </ClCompile>
    <ClCompile Include="MapMgr.cpp">
      <Filter>服务\场景与地图\地图相关</Filter>
    </ClCompile>
    <ClCompile Include="SceneBase.cpp">
      <Filter>服务\场景与地图\场景相关</Filter>
    </ClCompile>
    <ClCompile Include="PublicScene.cpp">
      <Filter>服务\场景与地图\场景相关</Filter>
    </ClCompile>
    <ClCompile Include="AreaMap.cpp">
      <Filter>服务\场景与地图\地图相关</Filter>
    </ClCompile>
    <ClCompile Include="NPC.cpp">
      <Filter>服务\Npc</Filter>
    </ClCompile>
    <ClCompile Include="NPCMgr.cpp">
      <Filter>服务\Npc</Filter>
    </ClCompile>
    <ClCompile Include="NPCTemplate.cpp">
      <Filter>服务\Npc</Filter>
    </ClCompile>
    <ClCompile Include="LogTransaction.cpp">
      <Filter>服务\玩家日志</Filter>
    </ClCompile>
    <ClCompile Include="PyLogTransaction.cpp">
      <Filter>服务\玩家日志</Filter>
    </ClCompile>
    <ClCompile Include="PySceneMgr.cpp">
      <Filter>服务\场景与地图</Filter>
    </ClCompile>
    <ClCompile Include="PyPublicScene.cpp">
      <Filter>服务\场景与地图\场景相关</Filter>
    </ClCompile>
    <ClCompile Include="PyNPCMgr.cpp">
      <Filter>服务\Npc</Filter>
    </ClCompile>
    <ClCompile Include="PyNPC.cpp">
      <Filter>服务\Npc</Filter>
    </ClCompile>
    <ClCompile Include="ScriptMgr.cpp">
      <Filter>服务\脚本</Filter>
    </ClCompile>
    <ClCompile Include="PyScriptMgr.cpp">
      <Filter>服务\脚本</Filter>
    </ClCompile>
    <ClCompile Include="RoleData.cpp">
      <Filter>服务\角色\RoleData</Filter>
    </ClCompile>
    <ClCompile Include="RoleDataMgr.cpp">
      <Filter>服务\角色\RoleData</Filter>
    </ClCompile>
    <ClCompile Include="PyRoleDataMgr.cpp">
      <Filter>服务\角色\RoleData</Filter>
    </ClCompile>
    <ClCompile Include="PyRole.cpp">
      <Filter>服务\角色\PyRole</Filter>
    </ClCompile>
    <ClCompile Include="PyRoleArray.cpp">
      <Filter>服务\角色\PyRole</Filter>
    </ClCompile>
    <ClCompile Include="PyRoleContain.cpp">
      <Filter>服务\角色\PyRole</Filter>
    </ClCompile>
    <ClCompile Include="PyRoleGather.cpp">
      <Filter>服务\角色\PyRole</Filter>
    </ClCompile>
    <ClCompile Include="PyRoleMgr.cpp">
      <Filter>服务\角色\RoleMgr</Filter>
    </ClCompile>
    <ClCompile Include="RoleMgr.cpp">
      <Filter>服务\角色\RoleMgr</Filter>
    </ClCompile>
    <ClCompile Include="PySingleMirrorScene.cpp">
      <Filter>服务\场景与地图\场景相关\关卡副本</Filter>
    </ClCompile>
    <ClCompile Include="PyMultiMirrorScene.cpp">
      <Filter>服务\场景与地图\场景相关\关卡副本</Filter>
    </ClCompile>
    <ClCompile Include="Mirror.cpp">
      <Filter>服务\场景与地图\场景相关\关卡副本</Filter>
    </ClCompile>
  </ItemGroup>
  <ItemGroup>
    <Filter Include="服务">
      <UniqueIdentifier>{fc70acb5-e772-49f5-864e-9c677467885d}</UniqueIdentifier>
    </Filter>
    <Filter Include="定义">
      <UniqueIdentifier>{0ed86dff-6614-445b-bbb2-2c8c3e77b7b2}</UniqueIdentifier>
    </Filter>
    <Filter Include="服务\玩家日志">
      <UniqueIdentifier>{be66c1ef-10e9-48bf-8c79-19a517faf514}</UniqueIdentifier>
    </Filter>
    <Filter Include="服务\网关转发">
      <UniqueIdentifier>{e0533fb9-312c-483b-b1c0-3b85f9171d94}</UniqueIdentifier>
    </Filter>
    <Filter Include="服务\角色">
      <UniqueIdentifier>{04c8ea6d-d8cf-48ce-8287-6482a826854a}</UniqueIdentifier>
    </Filter>
    <Filter Include="服务\Npc">
      <UniqueIdentifier>{2021fc5a-e7a5-4607-a180-1b0a1b5488f3}</UniqueIdentifier>
    </Filter>
    <Filter Include="服务\场景与地图">
      <UniqueIdentifier>{3ed343f4-31e7-4bdd-81b3-c2db491f3302}</UniqueIdentifier>
    </Filter>
    <Filter Include="服务\场景与地图\地图相关">
      <UniqueIdentifier>{8b1a0cd0-2197-473f-8949-dd42da855d62}</UniqueIdentifier>
    </Filter>
    <Filter Include="服务\场景与地图\场景相关">
      <UniqueIdentifier>{c2b9dfab-85bd-4f2c-a43e-ba38c74665c9}</UniqueIdentifier>
    </Filter>
    <Filter Include="服务\脚本">
      <UniqueIdentifier>{d62e51cf-8664-492e-9e96-c25cd3247890}</UniqueIdentifier>
    </Filter>
    <Filter Include="服务\角色\RoleData">
      <UniqueIdentifier>{ca525b31-d3a3-4991-8afb-79dc1c43ec61}</UniqueIdentifier>
    </Filter>
    <Filter Include="服务\角色\PyRole">
      <UniqueIdentifier>{bc7ef2ea-def9-4ec0-97c7-636f8eafe54f}</UniqueIdentifier>
    </Filter>
    <Filter Include="服务\角色\RoleMgr">
      <UniqueIdentifier>{e5cda0f1-9f1b-4a26-9b7f-66fdf7950607}</UniqueIdentifier>
    </Filter>
    <Filter Include="服务\场景与地图\场景相关\关卡副本">
      <UniqueIdentifier>{c07d4b98-b413-4457-9d11-b3e93fe0c780}</UniqueIdentifier>
    </Filter>
  </ItemGroup>
  <ItemGroup>
    <ClInclude Include="ComplexServer.h">
      <Filter>服务</Filter>
    </ClInclude>
    <ClInclude Include="PyComplexServer.h">
      <Filter>服务</Filter>
    </ClInclude>
    <ClInclude Include="ClutterDefine.h">
      <Filter>定义</Filter>
    </ClInclude>
    <ClInclude Include="MessageDefine.h">
      <Filter>定义</Filter>
    </ClInclude>
    <ClInclude Include="GatewayForward.h">
      <Filter>服务\网关转发</Filter>
    </ClInclude>
    <ClInclude Include="PyGatewayForward.h">
      <Filter>服务\网关转发</Filter>
    </ClInclude>
    <ClInclude Include="Role.h">
      <Filter>服务\角色</Filter>
    </ClInclude>
    <ClInclude Include="SceneMgr.h">
      <Filter>服务\场景与地图</Filter>
    </ClInclude>
    <ClInclude Include="Area.h">
      <Filter>服务\场景与地图\地图相关</Filter>
    </ClInclude>
    <ClInclude Include="MapMgr.h">
      <Filter>服务\场景与地图\地图相关</Filter>
    </ClInclude>
    <ClInclude Include="SceneBase.h">
      <Filter>服务\场景与地图\场景相关</Filter>
    </ClInclude>
    <ClInclude Include="PublicScene.h">
      <Filter>服务\场景与地图\场景相关</Filter>
    </ClInclude>
    <ClInclude Include="AreaMap.h">
      <Filter>服务\场景与地图\地图相关</Filter>
    </ClInclude>
    <ClInclude Include="NPC.h">
      <Filter>服务\Npc</Filter>
    </ClInclude>
    <ClInclude Include="NPCMgr.h">
      <Filter>服务\Npc</Filter>
    </ClInclude>
    <ClInclude Include="NPCTemplate.h">
      <Filter>服务\Npc</Filter>
    </ClInclude>
    <ClInclude Include="LogTransaction.h">
      <Filter>服务\玩家日志</Filter>
    </ClInclude>
    <ClInclude Include="PyLogTransaction.h">
      <Filter>服务\玩家日志</Filter>
    </ClInclude>
    <ClInclude Include="PySceneMgr.h">
      <Filter>服务\场景与地图</Filter>
    </ClInclude>
    <ClInclude Include="PyPublicScene.h">
      <Filter>服务\场景与地图\场景相关</Filter>
    </ClInclude>
    <ClInclude Include="PyNPCMgr.h">
      <Filter>服务\Npc</Filter>
    </ClInclude>
    <ClInclude Include="PyNPC.h">
      <Filter>服务\Npc</Filter>
    </ClInclude>
    <ClInclude Include="ScriptMgr.h">
      <Filter>服务\脚本</Filter>
    </ClInclude>
    <ClInclude Include="PyScriptMgr.h">
      <Filter>服务\脚本</Filter>
    </ClInclude>
    <ClInclude Include="RoleData.h">
      <Filter>服务\角色\RoleData</Filter>
    </ClInclude>
    <ClInclude Include="RoleDataMgr.h">
      <Filter>服务\角色\RoleData</Filter>
    </ClInclude>
    <ClInclude Include="PyRoleDataMgr.h">
      <Filter>服务\角色\RoleData</Filter>
    </ClInclude>
    <ClInclude Include="PyRole.h">
      <Filter>服务\角色\PyRole</Filter>
    </ClInclude>
    <ClInclude Include="PyRoleArray.h">
      <Filter>服务\角色\PyRole</Filter>
    </ClInclude>
    <ClInclude Include="PyRoleContain.h">
      <Filter>服务\角色\PyRole</Filter>
    </ClInclude>
    <ClInclude Include="PyRoleGather.h">
      <Filter>服务\角色\PyRole</Filter>
    </ClInclude>
    <ClInclude Include="RoleMgr.h">
      <Filter>服务\角色\RoleMgr</Filter>
    </ClInclude>
    <ClInclude Include="Mirror.h">
      <Filter>服务\场景与地图\场景相关\关卡副本</Filter>
    </ClInclude>
    <ClInclude Include="PySingleMirrorScene.h">
      <Filter>服务\场景与地图\场景相关\关卡副本</Filter>
    </ClInclude>
    <ClInclude Include="PyMultiMirrorScene.h">
      <Filter>服务\场景与地图\场景相关\关卡副本</Filter>
    </ClInclude>
    <ClInclude Include="AreaDefine.h">
      <Filter>服务\场景与地图\地图相关</Filter>
    </ClInclude>
    <ClInclude Include="PyRoleMgr.h">
      <Filter>服务\角色\PyRole</Filter>
    </ClInclude>
  </ItemGroup>
</Project>