<?xml version="1.0" encoding="utf-8"?>
<Project ToolsVersion="4.0" xmlns="http://schemas.microsoft.com/developer/msbuild/2003">
  <ItemGroup>
    <Filter Include="基本定义">
      <UniqueIdentifier>{7f47c6fc-a408-4bae-9409-0f0ca8cb60cc}</UniqueIdentifier>
    </Filter>
    <Filter Include="单件">
      <UniqueIdentifier>{e4913766-89ca-42b1-b984-0b7093201556}</UniqueIdentifier>
    </Filter>
    <Filter Include="数组链表">
      <UniqueIdentifier>{febb39aa-2a28-4a5e-88dd-8cb270d1269d}</UniqueIdentifier>
    </Filter>
    <Filter Include="IO">
      <UniqueIdentifier>{c9b5947a-9e97-410c-99cb-d028740120db}</UniqueIdentifier>
    </Filter>
    <Filter Include="网络">
      <UniqueIdentifier>{20eb652a-e4ac-4be6-a391-0910c00042ca}</UniqueIdentifier>
    </Filter>
    <Filter Include="时间">
      <UniqueIdentifier>{79c2410f-ec46-4fe7-a56e-f8c0d5f9889b}</UniqueIdentifier>
    </Filter>
    <Filter Include="进程">
      <UniqueIdentifier>{2e6433d1-aa99-4bc2-a24a-0244ff8e33f7}</UniqueIdentifier>
    </Filter>
    <Filter Include="GUID">
      <UniqueIdentifier>{b0119983-0f23-4dd4-930f-0d8a6aa3f8f1}</UniqueIdentifier>
    </Filter>
    <Filter Include="Python">
      <UniqueIdentifier>{422e995b-2528-44fd-8372-b106665a9c72}</UniqueIdentifier>
    </Filter>
    <Filter Include="MySQLdb">
      <UniqueIdentifier>{061012c4-ffe2-4cdf-bd23-61c44438295d}</UniqueIdentifier>
    </Filter>
    <Filter Include="时间触发">
      <UniqueIdentifier>{7736966d-6744-4c76-9954-1d000c68d3ee}</UniqueIdentifier>
    </Filter>
    <Filter Include="GlobalBuf">
      <UniqueIdentifier>{bb485168-76bb-41cd-b769-5a96125bec2f}</UniqueIdentifier>
    </Filter>
  </ItemGroup>
  <ItemGroup>
    <ClInclude Include="GEInteger.h">
      <Filter>基本定义</Filter>
    </ClInclude>
    <ClInclude Include="GEDefine.h">
      <Filter>基本定义</Filter>
    </ClInclude>
    <ClInclude Include="GESingleton.h">
      <Filter>单件</Filter>
    </ClInclude>
    <ClInclude Include="GEControlSingleton.h">
      <Filter>单件</Filter>
    </ClInclude>
    <ClInclude Include="GESafeString.h">
      <Filter>数组链表</Filter>
    </ClInclude>
    <ClInclude Include="GESafeArray.h">
      <Filter>数组链表</Filter>
    </ClInclude>
    <ClInclude Include="GEIndex.h">
      <Filter>数组链表</Filter>
    </ClInclude>
    <ClInclude Include="GETabFile.h">
      <Filter>IO</Filter>
    </ClInclude>
    <ClInclude Include="GENetDefine.h">
      <Filter>网络</Filter>
    </ClInclude>
    <ClInclude Include="GENetMessage.h">
      <Filter>网络</Filter>
    </ClInclude>
    <ClInclude Include="GENetBuf.h">
      <Filter>网络</Filter>
    </ClInclude>
    <ClInclude Include="GENetSendBuf.h">
      <Filter>网络</Filter>
    </ClInclude>
    <ClInclude Include="GENetRecvBuf.h">
      <Filter>网络</Filter>
    </ClInclude>
    <ClInclude Include="GENetConnect.h">
      <Filter>网络</Filter>
    </ClInclude>
    <ClInclude Include="GEDateTime.h">
      <Filter>时间</Filter>
    </ClInclude>
    <ClInclude Include="GENetConnectMgr.h">
      <Filter>网络</Filter>
    </ClInclude>
    <ClInclude Include="GENetWork.h">
      <Filter>网络</Filter>
    </ClInclude>
    <ClInclude Include="GEProcess.h">
      <Filter>进程</Filter>
    </ClInclude>
    <ClInclude Include="GEGUID32.h">
      <Filter>GUID</Filter>
    </ClInclude>
    <ClInclude Include="GEGUID64.h">
      <Filter>GUID</Filter>
    </ClInclude>
    <ClInclude Include="GEPython.h">
      <Filter>Python</Filter>
    </ClInclude>
    <ClInclude Include="pymemcompat.h">
      <Filter>MySQLdb</Filter>
    </ClInclude>
    <ClInclude Include="GETick.h">
      <Filter>时间触发</Filter>
    </ClInclude>
    <ClInclude Include="PyTick.h">
      <Filter>时间触发</Filter>
    </ClInclude>
    <ClInclude Include="GEGlobalBuf.h">
      <Filter>GlobalBuf</Filter>
    </ClInclude>
    <ClInclude Include="GEIO.h">
      <Filter>IO</Filter>
    </ClInclude>
    <ClInclude Include="PyTimeData.h">
      <Filter>时间触发</Filter>
    </ClInclude>
    <ClInclude Include="GETimeData.h">
      <Filter>时间触发</Filter>
    </ClInclude>
    <ClInclude Include="PyFunction.h">
      <Filter>Python</Filter>
    </ClInclude>
    <ClInclude Include="GENetEnv.h">
      <Filter>网络</Filter>
    </ClInclude>
    <ClInclude Include="GameEngine.h" />
    <ClInclude Include="GameMySQL.h" />
    <ClInclude Include="GEMySQL.h">
      <Filter>MySQLdb</Filter>
    </ClInclude>
    <ClInclude Include="GEMySQLStmt.h">
      <Filter>MySQLdb</Filter>
    </ClInclude>
    <ClInclude Include="GEMainWork.h">
      <Filter>时间</Filter>
    </ClInclude>
  </ItemGroup>
  <ItemGroup>
    <ClCompile Include="GEDefine.cpp">
      <Filter>基本定义</Filter>
    </ClCompile>
    <ClCompile Include="GEIndex.cpp">
      <Filter>数组链表</Filter>
    </ClCompile>
    <ClCompile Include="GETabFile.cpp">
      <Filter>IO</Filter>
    </ClCompile>
    <ClCompile Include="GENetBuf.cpp">
      <Filter>网络</Filter>
    </ClCompile>
    <ClCompile Include="GENetSendBuf.cpp">
      <Filter>网络</Filter>
    </ClCompile>
    <ClCompile Include="GENetRecvBuf.cpp">
      <Filter>网络</Filter>
    </ClCompile>
    <ClCompile Include="GENetConnect.cpp">
      <Filter>网络</Filter>
    </ClCompile>
    <ClCompile Include="GEDateTime.cpp">
      <Filter>时间</Filter>
    </ClCompile>
    <ClCompile Include="GENetConnectMgr.cpp">
      <Filter>网络</Filter>
    </ClCompile>
    <ClCompile Include="GENetWork.cpp">
      <Filter>网络</Filter>
    </ClCompile>
    <ClCompile Include="GEProcess.cpp">
      <Filter>进程</Filter>
    </ClCompile>
    <ClCompile Include="GEGUID32.cpp">
      <Filter>GUID</Filter>
    </ClCompile>
    <ClCompile Include="GEGUID64.cpp">
      <Filter>GUID</Filter>
    </ClCompile>
    <ClCompile Include="GEPython.cpp">
      <Filter>Python</Filter>
    </ClCompile>
    <ClCompile Include="GETick.cpp">
      <Filter>时间触发</Filter>
    </ClCompile>
    <ClCompile Include="PyTick.cpp">
      <Filter>时间触发</Filter>
    </ClCompile>
    <ClCompile Include="PyDateTime.cpp">
      <Filter>时间</Filter>
    </ClCompile>
    <ClCompile Include="PyProcess.cpp">
      <Filter>进程</Filter>
    </ClCompile>
    <ClCompile Include="GENetMessage.cpp">
      <Filter>网络</Filter>
    </ClCompile>
    <ClCompile Include="GEIO.cpp">
      <Filter>IO</Filter>
    </ClCompile>
    <ClCompile Include="GETimeData.cpp">
      <Filter>时间触发</Filter>
    </ClCompile>
    <ClCompile Include="PyTimeData.cpp">
      <Filter>时间触发</Filter>
    </ClCompile>
    <ClCompile Include="PyFunction.cpp">
      <Filter>Python</Filter>
    </ClCompile>
    <ClCompile Include="PyNetEnv.cpp">
      <Filter>网络</Filter>
    </ClCompile>
    <ClCompile Include="GEMySQLStmt.cpp">
      <Filter>MySQLdb</Filter>
    </ClCompile>
    <ClCompile Include="GEMySQL.cpp">
      <Filter>MySQLdb</Filter>
    </ClCompile>
    <ClCompile Include="PyNetMessage.cpp">
      <Filter>网络</Filter>
    </ClCompile>
    <ClCompile Include="GEMainWork.cpp">
      <Filter>时间</Filter>
    </ClCompile>
  </ItemGroup>
</Project>